
Microsoft Visual Studio Solution File, Format Version 12.00
# Visual Studio Version 16
VisualStudioVersion = 16.0.32413.511
MinimumVisualStudioVersion = 10.0.40219.1
Project("{9A19103F-16F7-4668-BE54-9A1E7A4F7556}") = "FirstBlog_Web_Ui", "FirstBlog_Web_Ui\FirstBlog_Web_Ui.csproj", "{A0EC229E-6FB9-494E-892A-8E39235BDF2D}"
EndProject
Project("{9A19103F-16F7-4668-BE54-9A1E7A4F7556}") = "FirsBlog_DataLayer", "FirsBlog_DataLayer\FirsBlog_DataLayer.csproj", "{2C4E97CE-EAA0-42E5-A740-6211FA63E810}"
EndProject
Project("{9A19103F-16F7-4668-BE54-9A1E7A4F7556}") = "FirsBlog_Core", "FirsBlog_Core\FirsBlog_Core.csproj", "{AE15B48E-8B03-4481-8F66-75B102201CCD}"
EndProject
Global
	GlobalSection(SolutionConfigurationPlatforms) = preSolution
		Debug|Any CPU = Debug|Any CPU
		Release|Any CPU = Release|Any CPU
	EndGlobalSection
	GlobalSection(ProjectConfigurationPlatforms) = postSolution
		{A0EC229E-6FB9-494E-892A-8E39235BDF2D}.Debug|Any CPU.ActiveCfg = Debug|Any CPU
		{A0EC229E-6FB9-494E-892A-8E39235BDF2D}.Debug|Any CPU.Build.0 = Debug|Any CPU
		{A0EC229E-6FB9-494E-892A-8E39235BDF2D}.Release|Any CPU.ActiveCfg = Release|Any CPU
		{A0EC229E-6FB9-494E-892A-8E39235BDF2D}.Release|Any CPU.Build.0 = Release|Any CPU
		{2C4E97CE-EAA0-42E5-A740-6211FA63E810}.Debug|Any CPU.ActiveCfg = Debug|Any CPU
		{2C4E97CE-EAA0-42E5-A740-6211FA63E810}.Debug|Any CPU.Build.0 = Debug|Any CPU
		{2C4E97CE-EAA0-42E5-A740-6211FA63E810}.Release|Any CPU.ActiveCfg = Release|Any CPU
		{2C4E97CE-EAA0-42E5-A740-6211FA63E810}.Release|Any CPU.Build.0 = Release|Any CPU
		{AE15B48E-8B03-4481-8F66-75B102201CCD}.Debug|Any CPU.ActiveCfg = Debug|Any CPU
		{AE15B48E-8B03-4481-8F66-75B102201CCD}.Debug|Any CPU.Build.0 = Debug|Any CPU
		{AE15B48E-8B03-4481-8F66-75B102201CCD}.Release|Any CPU.ActiveCfg = Release|Any CPU
		{AE15B48E-8B03-4481-8F66-75B102201CCD}.Release|Any CPU.Build.0 = Release|Any CPU
	EndGlobalSection
	GlobalSection(SolutionProperties) = preSolution
		HideSolutionNode = FALSE
	EndGlobalSection
	GlobalSection(ExtensibilityGlobals) = postSolution
		SolutionGuid = {A2E00382-CC50-4767-870B-3F5EB3B21287}
	EndGlobalSection
EndGlobal
